// !$*UTF8*$!
{
	archiveVersion = 1;
	classes = {
	};
	objectVersion = 55;
	objects = {

/* Begin PBXBuildFile section */
		E17AEB202725695200804E74 /* Carousel.swift in Sources */ = {isa = PBXBuildFile; fileRef = E17AEB1F2725695200804E74 /* Carousel.swift */; };
		E17AEB2227256B6700804E74 /* CharactersView.swift in Sources */ = {isa = PBXBuildFile; fileRef = E17AEB2127256B6700804E74 /* CharactersView.swift */; };
		E17AEB242725923400804E74 /* StaggeredView.swift in Sources */ = {isa = PBXBuildFile; fileRef = E17AEB232725923400804E74 /* StaggeredView.swift */; };
		E17AEB2727259B4200804E74 /* ImageLoader.swift in Sources */ = {isa = PBXBuildFile; fileRef = E17AEB2627259B4100804E74 /* ImageLoader.swift */; };
		E17AEB2927259B4F00804E74 /* ImageCache.swift in Sources */ = {isa = PBXBuildFile; fileRef = E17AEB2827259B4F00804E74 /* ImageCache.swift */; };
		E17AEB2B27259B8500804E74 /* AsyncImage.swift in Sources */ = {isa = PBXBuildFile; fileRef = E17AEB2A27259B8500804E74 /* AsyncImage.swift */; };
		F4535A77271F1C2D0032339C /* BreakingBadCharactersApp.swift in Sources */ = {isa = PBXBuildFile; fileRef = F4535A76271F1C2D0032339C /* BreakingBadCharactersApp.swift */; };
		F4535A7B271F1C2F0032339C /* Assets.xcassets in Resources */ = {isa = PBXBuildFile; fileRef = F4535A7A271F1C2F0032339C /* Assets.xcassets */; };
		F4535A7E271F1C2F0032339C /* Preview Assets.xcassets in Resources */ = {isa = PBXBuildFile; fileRef = F4535A7D271F1C2F0032339C /* Preview Assets.xcassets */; };
		F4535AA2271F29D40032339C /* CharacterEndpointTests.swift in Sources */ = {isa = PBXBuildFile; fileRef = F4535AA1271F29D40032339C /* CharacterEndpointTests.swift */; };
		F4535AA7271F2B6A0032339C /* ApiClientProtocol.swift in Sources */ = {isa = PBXBuildFile; fileRef = F4535AA6271F2B6A0032339C /* ApiClientProtocol.swift */; };
		F4535AA9271F2DE30032339C /* ApiError.swift in Sources */ = {isa = PBXBuildFile; fileRef = F4535AA8271F2DE30032339C /* ApiError.swift */; };
		F4535AAC271F30300032339C /* ErrorResponse.swift in Sources */ = {isa = PBXBuildFile; fileRef = F4535AAB271F30300032339C /* ErrorResponse.swift */; };
		F472DF9F2721533000F79DB1 /* CharacterEndpoint.swift in Sources */ = {isa = PBXBuildFile; fileRef = F472DF9E2721533000F79DB1 /* CharacterEndpoint.swift */; };
		F472DFA52721680A00F79DB1 /* SnapCarousel.swift in Sources */ = {isa = PBXBuildFile; fileRef = F472DFA42721680A00F79DB1 /* SnapCarousel.swift */; };
		F497B5DD2725C9FC00C27BA9 /* SeasonFilters.swift in Sources */ = {isa = PBXBuildFile; fileRef = F497B5DC2725C9FC00C27BA9 /* SeasonFilters.swift */; };
		F4CE0913272065F9007D99E3 /* Path.swift in Sources */ = {isa = PBXBuildFile; fileRef = F4CE0912272065F9007D99E3 /* Path.swift */; };
		F4CE0916272074D8007D99E3 /* Constants.swift in Sources */ = {isa = PBXBuildFile; fileRef = F4CE0915272074D8007D99E3 /* Constants.swift */; };
		F4CE09182720776A007D99E3 /* MockCharacterEndpoint.swift in Sources */ = {isa = PBXBuildFile; fileRef = F4CE09172720776A007D99E3 /* MockCharacterEndpoint.swift */; };
		F4CE092027207B55007D99E3 /* Characters.swift in Sources */ = {isa = PBXBuildFile; fileRef = F4CE091F27207B55007D99E3 /* Characters.swift */; };
		F4CE092227207DAC007D99E3 /* CharactersViewModel.swift in Sources */ = {isa = PBXBuildFile; fileRef = F4CE092127207DAC007D99E3 /* CharactersViewModel.swift */; };
		F4CE09242720989E007D99E3 /* CharactersResponse.swift in Sources */ = {isa = PBXBuildFile; fileRef = F4CE09232720989E007D99E3 /* CharactersResponse.swift */; };
/* End PBXBuildFile section */

/* Begin PBXContainerItemProxy section */
		F4535A84271F1C2F0032339C /* PBXContainerItemProxy */ = {
			isa = PBXContainerItemProxy;
			containerPortal = F4535A6B271F1C2D0032339C /* Project object */;
			proxyType = 1;
			remoteGlobalIDString = F4535A72271F1C2D0032339C;
			remoteInfo = BreakingBadCharacters;
		};
/* End PBXContainerItemProxy section */

/* Begin PBXFileReference section */
		E17AEB1F2725695200804E74 /* Carousel.swift */ = {isa = PBXFileReference; lastKnownFileType = sourcecode.swift; path = Carousel.swift; sourceTree = "<group>"; };
		E17AEB2127256B6700804E74 /* CharactersView.swift */ = {isa = PBXFileReference; lastKnownFileType = sourcecode.swift; path = CharactersView.swift; sourceTree = "<group>"; };
		E17AEB232725923400804E74 /* StaggeredView.swift */ = {isa = PBXFileReference; lastKnownFileType = sourcecode.swift; path = StaggeredView.swift; sourceTree = "<group>"; };
		E17AEB2627259B4100804E74 /* ImageLoader.swift */ = {isa = PBXFileReference; lastKnownFileType = sourcecode.swift; path = ImageLoader.swift; sourceTree = "<group>"; };
		E17AEB2827259B4F00804E74 /* ImageCache.swift */ = {isa = PBXFileReference; lastKnownFileType = sourcecode.swift; path = ImageCache.swift; sourceTree = "<group>"; };
		E17AEB2A27259B8500804E74 /* AsyncImage.swift */ = {isa = PBXFileReference; lastKnownFileType = sourcecode.swift; path = AsyncImage.swift; sourceTree = "<group>"; };
		F4535A73271F1C2D0032339C /* BreakingBadCharacters.app */ = {isa = PBXFileReference; explicitFileType = wrapper.application; includeInIndex = 0; path = BreakingBadCharacters.app; sourceTree = BUILT_PRODUCTS_DIR; };
		F4535A76271F1C2D0032339C /* BreakingBadCharactersApp.swift */ = {isa = PBXFileReference; lastKnownFileType = sourcecode.swift; path = BreakingBadCharactersApp.swift; sourceTree = "<group>"; };
		F4535A7A271F1C2F0032339C /* Assets.xcassets */ = {isa = PBXFileReference; lastKnownFileType = folder.assetcatalog; path = Assets.xcassets; sourceTree = "<group>"; };
		F4535A7D271F1C2F0032339C /* Preview Assets.xcassets */ = {isa = PBXFileReference; lastKnownFileType = folder.assetcatalog; path = "Preview Assets.xcassets"; sourceTree = "<group>"; };
		F4535A83271F1C2F0032339C /* BreakingBadCharactersTests.xctest */ = {isa = PBXFileReference; explicitFileType = wrapper.cfbundle; includeInIndex = 0; path = BreakingBadCharactersTests.xctest; sourceTree = BUILT_PRODUCTS_DIR; };
		F4535AA1271F29D40032339C /* CharacterEndpointTests.swift */ = {isa = PBXFileReference; lastKnownFileType = sourcecode.swift; path = CharacterEndpointTests.swift; sourceTree = "<group>"; };
		F4535AA6271F2B6A0032339C /* ApiClientProtocol.swift */ = {isa = PBXFileReference; lastKnownFileType = sourcecode.swift; path = ApiClientProtocol.swift; sourceTree = "<group>"; };
		F4535AA8271F2DE30032339C /* ApiError.swift */ = {isa = PBXFileReference; lastKnownFileType = sourcecode.swift; path = ApiError.swift; sourceTree = "<group>"; };
		F4535AAB271F30300032339C /* ErrorResponse.swift */ = {isa = PBXFileReference; lastKnownFileType = sourcecode.swift; path = ErrorResponse.swift; sourceTree = "<group>"; };
		F472DF9E2721533000F79DB1 /* CharacterEndpoint.swift */ = {isa = PBXFileReference; lastKnownFileType = sourcecode.swift; path = CharacterEndpoint.swift; sourceTree = "<group>"; };
		F472DFA42721680A00F79DB1 /* SnapCarousel.swift */ = {isa = PBXFileReference; lastKnownFileType = sourcecode.swift; path = SnapCarousel.swift; sourceTree = "<group>"; };
		F497B5DC2725C9FC00C27BA9 /* SeasonFilters.swift */ = {isa = PBXFileReference; lastKnownFileType = sourcecode.swift; path = SeasonFilters.swift; sourceTree = "<group>"; };
		F4CE0912272065F9007D99E3 /* Path.swift */ = {isa = PBXFileReference; lastKnownFileType = sourcecode.swift; path = Path.swift; sourceTree = "<group>"; };
		F4CE0915272074D8007D99E3 /* Constants.swift */ = {isa = PBXFileReference; lastKnownFileType = sourcecode.swift; path = Constants.swift; sourceTree = "<group>"; };
		F4CE09172720776A007D99E3 /* MockCharacterEndpoint.swift */ = {isa = PBXFileReference; lastKnownFileType = sourcecode.swift; path = MockCharacterEndpoint.swift; sourceTree = "<group>"; };
		F4CE091F27207B55007D99E3 /* Characters.swift */ = {isa = PBXFileReference; lastKnownFileType = sourcecode.swift; path = Characters.swift; sourceTree = "<group>"; };
		F4CE092127207DAC007D99E3 /* CharactersViewModel.swift */ = {isa = PBXFileReference; lastKnownFileType = sourcecode.swift; path = CharactersViewModel.swift; sourceTree = "<group>"; };
		F4CE09232720989E007D99E3 /* CharactersResponse.swift */ = {isa = PBXFileReference; lastKnownFileType = sourcecode.swift; path = CharactersResponse.swift; sourceTree = "<group>"; };
/* End PBXFileReference section */

/* Begin PBXFrameworksBuildPhase section */
		F4535A70271F1C2D0032339C /* Frameworks */ = {
			isa = PBXFrameworksBuildPhase;
			buildActionMask = 2147483647;
			files = (
			);
			runOnlyForDeploymentPostprocessing = 0;
		};
		F4535A80271F1C2F0032339C /* Frameworks */ = {
			isa = PBXFrameworksBuildPhase;
			buildActionMask = 2147483647;
			files = (
			);
			runOnlyForDeploymentPostprocessing = 0;
		};
/* End PBXFrameworksBuildPhase section */

/* Begin PBXGroup section */
		E17AEB1C272560F200804E74 /* Views */ = {
			isa = PBXGroup;
			children = (
				F472DFA42721680A00F79DB1 /* SnapCarousel.swift */,
				E17AEB1F2725695200804E74 /* Carousel.swift */,
				E17AEB232725923400804E74 /* StaggeredView.swift */,
			);
			path = Views;
			sourceTree = "<group>";
		};
		E17AEB1E2725620A00804E74 /* Resources */ = {
			isa = PBXGroup;
			children = (
				F4535A7A271F1C2F0032339C /* Assets.xcassets */,
				F4535A7C271F1C2F0032339C /* Preview Content */,
			);
			path = Resources;
			sourceTree = "<group>";
		};
		E17AEB2527259B2700804E74 /* AsyncImage */ = {
			isa = PBXGroup;
			children = (
				E17AEB2627259B4100804E74 /* ImageLoader.swift */,
				E17AEB2827259B4F00804E74 /* ImageCache.swift */,
				E17AEB2A27259B8500804E74 /* AsyncImage.swift */,
			);
			path = AsyncImage;
			sourceTree = "<group>";
		};
		F4535A6A271F1C2D0032339C = {
			isa = PBXGroup;
			children = (
				F4535A75271F1C2D0032339C /* BreakingBadCharacters */,
				F4535A86271F1C2F0032339C /* BreakingBadCharactersTests */,
				F4535A74271F1C2D0032339C /* Products */,
			);
			sourceTree = "<group>";
		};
		F4535A74271F1C2D0032339C /* Products */ = {
			isa = PBXGroup;
			children = (
				F4535A73271F1C2D0032339C /* BreakingBadCharacters.app */,
				F4535A83271F1C2F0032339C /* BreakingBadCharactersTests.xctest */,
			);
			name = Products;
			sourceTree = "<group>";
		};
		F4535A75271F1C2D0032339C /* BreakingBadCharacters */ = {
			isa = PBXGroup;
			children = (
				E17AEB1E2725620A00804E74 /* Resources */,
				F4535AA4271F2B450032339C /* Networking */,
				F4CE091927207AFD007D99E3 /* Screens */,
				F4CE0914272074CA007D99E3 /* Common */,
				F4535A76271F1C2D0032339C /* BreakingBadCharactersApp.swift */,
			);
			path = BreakingBadCharacters;
			sourceTree = "<group>";
		};
		F4535A7C271F1C2F0032339C /* Preview Content */ = {
			isa = PBXGroup;
			children = (
				F4535A7D271F1C2F0032339C /* Preview Assets.xcassets */,
			);
			path = "Preview Content";
			sourceTree = "<group>";
		};
		F4535A86271F1C2F0032339C /* BreakingBadCharactersTests */ = {
			isa = PBXGroup;
			children = (
				F4535AA3271F2A8A0032339C /* Mocks */,
				F4535AA0271F28ED0032339C /* Networking */,
			);
			path = BreakingBadCharactersTests;
			sourceTree = "<group>";
		};
		F4535AA0271F28ED0032339C /* Networking */ = {
			isa = PBXGroup;
			children = (
				F4535AA1271F29D40032339C /* CharacterEndpointTests.swift */,
			);
			path = Networking;
			sourceTree = "<group>";
		};
		F4535AA3271F2A8A0032339C /* Mocks */ = {
			isa = PBXGroup;
			children = (
				F4CE09172720776A007D99E3 /* MockCharacterEndpoint.swift */,
			);
			path = Mocks;
			sourceTree = "<group>";
		};
		F4535AA4271F2B450032339C /* Networking */ = {
			isa = PBXGroup;
			children = (
				F4CE092527209941007D99E3 /* Endpoints */,
				F4CE091127206195007D99E3 /* Helpers */,
				F4535AAA271F301E0032339C /* Responses */,
				F4535AA5271F2B4F0032339C /* Protocols */,
			);
			path = Networking;
			sourceTree = "<group>";
		};
		F4535AA5271F2B4F0032339C /* Protocols */ = {
			isa = PBXGroup;
			children = (
				F4535AA6271F2B6A0032339C /* ApiClientProtocol.swift */,
			);
			path = Protocols;
			sourceTree = "<group>";
		};
		F4535AAA271F301E0032339C /* Responses */ = {
			isa = PBXGroup;
			children = (
				F4535AAB271F30300032339C /* ErrorResponse.swift */,
				F4CE09232720989E007D99E3 /* CharactersResponse.swift */,
			);
			path = Responses;
			sourceTree = "<group>";
		};
		F4CE091127206195007D99E3 /* Helpers */ = {
			isa = PBXGroup;
			children = (
				F4535AA8271F2DE30032339C /* ApiError.swift */,
				F4CE0912272065F9007D99E3 /* Path.swift */,
			);
			path = Helpers;
			sourceTree = "<group>";
		};
		F4CE0914272074CA007D99E3 /* Common */ = {
			isa = PBXGroup;
			children = (
				E17AEB2527259B2700804E74 /* AsyncImage */,
				E17AEB1C272560F200804E74 /* Views */,
				F4CE0915272074D8007D99E3 /* Constants.swift */,
			);
			path = Common;
			sourceTree = "<group>";
		};
		F4CE091927207AFD007D99E3 /* Screens */ = {
			isa = PBXGroup;
			children = (
				F4CE091B27207B24007D99E3 /* Character */,
				F4CE091A27207B16007D99E3 /* Characters */,
			);
			path = Screens;
			sourceTree = "<group>";
		};
		F4CE091A27207B16007D99E3 /* Characters */ = {
			isa = PBXGroup;
			children = (
				F4CE091E27207B41007D99E3 /* Model */,
				F4CE091D27207B35007D99E3 /* ViewModel */,
				F4CE091C27207B2F007D99E3 /* View */,
			);
			path = Characters;
			sourceTree = "<group>";
		};
		F4CE091B27207B24007D99E3 /* Character */ = {
			isa = PBXGroup;
			children = (
			);
			path = Character;
			sourceTree = "<group>";
		};
		F4CE091C27207B2F007D99E3 /* View */ = {
			isa = PBXGroup;
			children = (
				E17AEB2127256B6700804E74 /* CharactersView.swift */,
			);
			path = View;
			sourceTree = "<group>";
		};
		F4CE091D27207B35007D99E3 /* ViewModel */ = {
			isa = PBXGroup;
			children = (
				F4CE092127207DAC007D99E3 /* CharactersViewModel.swift */,
			);
			path = ViewModel;
			sourceTree = "<group>";
		};
		F4CE091E27207B41007D99E3 /* Model */ = {
			isa = PBXGroup;
			children = (
				F4CE091F27207B55007D99E3 /* Characters.swift */,
				F497B5DC2725C9FC00C27BA9 /* SeasonFilters.swift */,
			);
			path = Model;
			sourceTree = "<group>";
		};
		F4CE092527209941007D99E3 /* Endpoints */ = {
			isa = PBXGroup;
			children = (
				F472DF9E2721533000F79DB1 /* CharacterEndpoint.swift */,
			);
			path = Endpoints;
			sourceTree = "<group>";
		};
/* End PBXGroup section */

/* Begin PBXNativeTarget section */
		F4535A72271F1C2D0032339C /* BreakingBadCharacters */ = {
			isa = PBXNativeTarget;
			buildConfigurationList = F4535A97271F1C2F0032339C /* Build configuration list for PBXNativeTarget "BreakingBadCharacters" */;
			buildPhases = (
				F4535A6F271F1C2D0032339C /* Sources */,
				F4535A70271F1C2D0032339C /* Frameworks */,
				F4535A71271F1C2D0032339C /* Resources */,
			);
			buildRules = (
			);
			dependencies = (
			);
			name = BreakingBadCharacters;
			productName = BreakingBadCharacters;
			productReference = F4535A73271F1C2D0032339C /* BreakingBadCharacters.app */;
			productType = "com.apple.product-type.application";
		};
		F4535A82271F1C2F0032339C /* BreakingBadCharactersTests */ = {
			isa = PBXNativeTarget;
			buildConfigurationList = F4535A9A271F1C2F0032339C /* Build configuration list for PBXNativeTarget "BreakingBadCharactersTests" */;
			buildPhases = (
				F4535A7F271F1C2F0032339C /* Sources */,
				F4535A80271F1C2F0032339C /* Frameworks */,
				F4535A81271F1C2F0032339C /* Resources */,
			);
			buildRules = (
			);
			dependencies = (
				F4535A85271F1C2F0032339C /* PBXTargetDependency */,
			);
			name = BreakingBadCharactersTests;
			productName = BreakingBadCharactersTests;
			productReference = F4535A83271F1C2F0032339C /* BreakingBadCharactersTests.xctest */;
			productType = "com.apple.product-type.bundle.unit-test";
		};
/* End PBXNativeTarget section */

/* Begin PBXProject section */
		F4535A6B271F1C2D0032339C /* Project object */ = {
			isa = PBXProject;
			attributes = {
				BuildIndependentTargetsInParallel = 1;
				LastSwiftUpdateCheck = 1300;
				LastUpgradeCheck = 1300;
				TargetAttributes = {
					F4535A72271F1C2D0032339C = {
						CreatedOnToolsVersion = 13.0;
					};
					F4535A82271F1C2F0032339C = {
						CreatedOnToolsVersion = 13.0;
						TestTargetID = F4535A72271F1C2D0032339C;
					};
				};
			};
			buildConfigurationList = F4535A6E271F1C2D0032339C /* Build configuration list for PBXProject "BreakingBadCharacters" */;
			compatibilityVersion = "Xcode 13.0";
			developmentRegion = en;
			hasScannedForEncodings = 0;
			knownRegions = (
				en,
				Base,
			);
			mainGroup = F4535A6A271F1C2D0032339C;
			productRefGroup = F4535A74271F1C2D0032339C /* Products */;
			projectDirPath = "";
			projectRoot = "";
			targets = (
				F4535A72271F1C2D0032339C /* BreakingBadCharacters */,
				F4535A82271F1C2F0032339C /* BreakingBadCharactersTests */,
			);
		};
/* End PBXProject section */

/* Begin PBXResourcesBuildPhase section */
		F4535A71271F1C2D0032339C /* Resources */ = {
			isa = PBXResourcesBuildPhase;
			buildActionMask = 2147483647;
			files = (
				F4535A7E271F1C2F0032339C /* Preview Assets.xcassets in Resources */,
				F4535A7B271F1C2F0032339C /* Assets.xcassets in Resources */,
			);
			runOnlyForDeploymentPostprocessing = 0;
		};
		F4535A81271F1C2F0032339C /* Resources */ = {
			isa = PBXResourcesBuildPhase;
			buildActionMask = 2147483647;
			files = (
			);
			runOnlyForDeploymentPostprocessing = 0;
		};
/* End PBXResourcesBuildPhase section */

/* Begin PBXSourcesBuildPhase section */
		F4535A6F271F1C2D0032339C /* Sources */ = {
			isa = PBXSourcesBuildPhase;
			buildActionMask = 2147483647;
			files = (
				F497B5DD2725C9FC00C27BA9 /* SeasonFilters.swift in Sources */,
				F472DFA52721680A00F79DB1 /* SnapCarousel.swift in Sources */,
				F4CE092227207DAC007D99E3 /* CharactersViewModel.swift in Sources */,
				E17AEB2927259B4F00804E74 /* ImageCache.swift in Sources */,
				E17AEB2B27259B8500804E74 /* AsyncImage.swift in Sources */,
				E17AEB2727259B4200804E74 /* ImageLoader.swift in Sources */,
				E17AEB202725695200804E74 /* Carousel.swift in Sources */,
				F4535AAC271F30300032339C /* ErrorResponse.swift in Sources */,
				F4535AA9271F2DE30032339C /* ApiError.swift in Sources */,
				E17AEB242725923400804E74 /* StaggeredView.swift in Sources */,
				F4CE09242720989E007D99E3 /* CharactersResponse.swift in Sources */,
				F4CE092027207B55007D99E3 /* Characters.swift in Sources */,
				F4535AA7271F2B6A0032339C /* ApiClientProtocol.swift in Sources */,
				F4CE0916272074D8007D99E3 /* Constants.swift in Sources */,
				E17AEB2227256B6700804E74 /* CharactersView.swift in Sources */,
				F4CE0913272065F9007D99E3 /* Path.swift in Sources */,
				F472DF9F2721533000F79DB1 /* CharacterEndpoint.swift in Sources */,
				F4535A77271F1C2D0032339C /* BreakingBadCharactersApp.swift in Sources */,
			);
			runOnlyForDeploymentPostprocessing = 0;
		};
		F4535A7F271F1C2F0032339C /* Sources */ = {
			isa = PBXSourcesBuildPhase;
			buildActionMask = 2147483647;
			files = (
				F4535AA2271F29D40032339C /* CharacterEndpointTests.swift in Sources */,
				F4CE09182720776A007D99E3 /* MockCharacterEndpoint.swift in Sources */,
			);
			runOnlyForDeploymentPostprocessing = 0;
		};
/* End PBXSourcesBuildPhase section */

/* Begin PBXTargetDependency section */
		F4535A85271F1C2F0032339C /* PBXTargetDependency */ = {
			isa = PBXTargetDependency;
			target = F4535A72271F1C2D0032339C /* BreakingBadCharacters */;
			targetProxy = F4535A84271F1C2F0032339C /* PBXContainerItemProxy */;
		};
/* End PBXTargetDependency section */

/* Begin XCBuildConfiguration section */
		F4535A95271F1C2F0032339C /* Debug */ = {
			isa = XCBuildConfiguration;
			buildSettings = {
				ALWAYS_SEARCH_USER_PATHS = NO;
				CLANG_ANALYZER_NONNULL = YES;
				CLANG_ANALYZER_NUMBER_OBJECT_CONVERSION = YES_AGGRESSIVE;
				CLANG_CXX_LANGUAGE_STANDARD = "gnu++17";
				CLANG_CXX_LIBRARY = "libc++";
				CLANG_ENABLE_MODULES = YES;
				CLANG_ENABLE_OBJC_ARC = YES;
				CLANG_ENABLE_OBJC_WEAK = YES;
				CLANG_WARN_BLOCK_CAPTURE_AUTORELEASING = YES;
				CLANG_WARN_BOOL_CONVERSION = YES;
				CLANG_WARN_COMMA = YES;
				CLANG_WARN_CONSTANT_CONVERSION = YES;
				CLANG_WARN_DEPRECATED_OBJC_IMPLEMENTATIONS = YES;
				CLANG_WARN_DIRECT_OBJC_ISA_USAGE = YES_ERROR;
				CLANG_WARN_DOCUMENTATION_COMMENTS = YES;
				CLANG_WARN_EMPTY_BODY = YES;
				CLANG_WARN_ENUM_CONVERSION = YES;
				CLANG_WARN_INFINITE_RECURSION = YES;
				CLANG_WARN_INT_CONVERSION = YES;
				CLANG_WARN_NON_LITERAL_NULL_CONVERSION = YES;
				CLANG_WARN_OBJC_IMPLICIT_RETAIN_SELF = YES;
				CLANG_WARN_OBJC_LITERAL_CONVERSION = YES;
				CLANG_WARN_OBJC_ROOT_CLASS = YES_ERROR;
				CLANG_WARN_QUOTED_INCLUDE_IN_FRAMEWORK_HEADER = YES;
				CLANG_WARN_RANGE_LOOP_ANALYSIS = YES;
				CLANG_WARN_STRICT_PROTOTYPES = YES;
				CLANG_WARN_SUSPICIOUS_MOVE = YES;
				CLANG_WARN_UNGUARDED_AVAILABILITY = YES_AGGRESSIVE;
				CLANG_WARN_UNREACHABLE_CODE = YES;
				CLANG_WARN__DUPLICATE_METHOD_MATCH = YES;
				COPY_PHASE_STRIP = NO;
				DEBUG_INFORMATION_FORMAT = dwarf;
				ENABLE_STRICT_OBJC_MSGSEND = YES;
				ENABLE_TESTABILITY = YES;
				GCC_C_LANGUAGE_STANDARD = gnu11;
				GCC_DYNAMIC_NO_PIC = NO;
				GCC_NO_COMMON_BLOCKS = YES;
				GCC_OPTIMIZATION_LEVEL = 0;
				GCC_PREPROCESSOR_DEFINITIONS = (
					"DEBUG=1",
					"$(inherited)",
				);
				GCC_WARN_64_TO_32_BIT_CONVERSION = YES;
				GCC_WARN_ABOUT_RETURN_TYPE = YES_ERROR;
				GCC_WARN_UNDECLARED_SELECTOR = YES;
				GCC_WARN_UNINITIALIZED_AUTOS = YES_AGGRESSIVE;
				GCC_WARN_UNUSED_FUNCTION = YES;
				GCC_WARN_UNUSED_VARIABLE = YES;
				IPHONEOS_DEPLOYMENT_TARGET = 15.0;
				MTL_ENABLE_DEBUG_INFO = INCLUDE_SOURCE;
				MTL_FAST_MATH = YES;
				ONLY_ACTIVE_ARCH = YES;
				SDKROOT = iphoneos;
				SWIFT_ACTIVE_COMPILATION_CONDITIONS = DEBUG;
				SWIFT_OPTIMIZATION_LEVEL = "-Onone";
			};
			name = Debug;
		};
		F4535A96271F1C2F0032339C /* Release */ = {
			isa = XCBuildConfiguration;
			buildSettings = {
				ALWAYS_SEARCH_USER_PATHS = NO;
				CLANG_ANALYZER_NONNULL = YES;
				CLANG_ANALYZER_NUMBER_OBJECT_CONVERSION = YES_AGGRESSIVE;
				CLANG_CXX_LANGUAGE_STANDARD = "gnu++17";
				CLANG_CXX_LIBRARY = "libc++";
				CLANG_ENABLE_MODULES = YES;
				CLANG_ENABLE_OBJC_ARC = YES;
				CLANG_ENABLE_OBJC_WEAK = YES;
				CLANG_WARN_BLOCK_CAPTURE_AUTORELEASING = YES;
				CLANG_WARN_BOOL_CONVERSION = YES;
				CLANG_WARN_COMMA = YES;
				CLANG_WARN_CONSTANT_CONVERSION = YES;
				CLANG_WARN_DEPRECATED_OBJC_IMPLEMENTATIONS = YES;
				CLANG_WARN_DIRECT_OBJC_ISA_USAGE = YES_ERROR;
				CLANG_WARN_DOCUMENTATION_COMMENTS = YES;
				CLANG_WARN_EMPTY_BODY = YES;
				CLANG_WARN_ENUM_CONVERSION = YES;
				CLANG_WARN_INFINITE_RECURSION = YES;
				CLANG_WARN_INT_CONVERSION = YES;
				CLANG_WARN_NON_LITERAL_NULL_CONVERSION = YES;
				CLANG_WARN_OBJC_IMPLICIT_RETAIN_SELF = YES;
				CLANG_WARN_OBJC_LITERAL_CONVERSION = YES;
				CLANG_WARN_OBJC_ROOT_CLASS = YES_ERROR;
				CLANG_WARN_QUOTED_INCLUDE_IN_FRAMEWORK_HEADER = YES;
				CLANG_WARN_RANGE_LOOP_ANALYSIS = YES;
				CLANG_WARN_STRICT_PROTOTYPES = YES;
				CLANG_WARN_SUSPICIOUS_MOVE = YES;
				CLANG_WARN_UNGUARDED_AVAILABILITY = YES_AGGRESSIVE;
				CLANG_WARN_UNREACHABLE_CODE = YES;
				CLANG_WARN__DUPLICATE_METHOD_MATCH = YES;
				COPY_PHASE_STRIP = NO;
				DEBUG_INFORMATION_FORMAT = "dwarf-with-dsym";
				ENABLE_NS_ASSERTIONS = NO;
				ENABLE_STRICT_OBJC_MSGSEND = YES;
				GCC_C_LANGUAGE_STANDARD = gnu11;
				GCC_NO_COMMON_BLOCKS = YES;
				GCC_WARN_64_TO_32_BIT_CONVERSION = YES;
				GCC_WARN_ABOUT_RETURN_TYPE = YES_ERROR;
				GCC_WARN_UNDECLARED_SELECTOR = YES;
				GCC_WARN_UNINITIALIZED_AUTOS = YES_AGGRESSIVE;
				GCC_WARN_UNUSED_FUNCTION = YES;
				GCC_WARN_UNUSED_VARIABLE = YES;
				IPHONEOS_DEPLOYMENT_TARGET = 15.0;
				MTL_ENABLE_DEBUG_INFO = NO;
				MTL_FAST_MATH = YES;
				SDKROOT = iphoneos;
				SWIFT_COMPILATION_MODE = wholemodule;
				SWIFT_OPTIMIZATION_LEVEL = "-O";
				VALIDATE_PRODUCT = YES;
			};
			name = Release;
		};
		F4535A98271F1C2F0032339C /* Debug */ = {
			isa = XCBuildConfiguration;
			buildSettings = {
				ASSETCATALOG_COMPILER_APPICON_NAME = AppIcon;
				ASSETCATALOG_COMPILER_GLOBAL_ACCENT_COLOR_NAME = AccentColor;
				CODE_SIGN_STYLE = Automatic;
				CURRENT_PROJECT_VERSION = 1;
				DEVELOPMENT_ASSET_PATHS = "\"BreakingBadCharacters/Resources/Preview Content\"";
				DEVELOPMENT_TEAM = 7U8T6RV7Y3;
				ENABLE_PREVIEWS = YES;
				GENERATE_INFOPLIST_FILE = YES;
				INFOPLIST_KEY_UIApplicationSceneManifest_Generation = YES;
				INFOPLIST_KEY_UIApplicationSupportsIndirectInputEvents = YES;
				INFOPLIST_KEY_UILaunchScreen_Generation = YES;
				INFOPLIST_KEY_UISupportedInterfaceOrientations_iPad = "UIInterfaceOrientationPortrait UIInterfaceOrientationPortraitUpsideDown UIInterfaceOrientationLandscapeLeft UIInterfaceOrientationLandscapeRight";
				INFOPLIST_KEY_UISupportedInterfaceOrientations_iPhone = "UIInterfaceOrientationPortrait UIInterfaceOrientationLandscapeLeft UIInterfaceOrientationLandscapeRight";
				IPHONEOS_DEPLOYMENT_TARGET = 15.0;
				LD_RUNPATH_SEARCH_PATHS = (
					"$(inherited)",
					"@executable_path/Frameworks",
				);
				MARKETING_VERSION = 1.0;
				PRODUCT_BUNDLE_IDENTIFIER = tech.cognitiven.BreakingBadCharacters;
				PRODUCT_NAME = "$(TARGET_NAME)";
				SWIFT_EMIT_LOC_STRINGS = YES;
				SWIFT_VERSION = 5.0;
				TARGETED_DEVICE_FAMILY = "1,2";
			};
			name = Debug;
		};
		F4535A99271F1C2F0032339C /* Release */ = {
			isa = XCBuildConfiguration;
			buildSettings = {
				ASSETCATALOG_COMPILER_APPICON_NAME = AppIcon;
				ASSETCATALOG_COMPILER_GLOBAL_ACCENT_COLOR_NAME = AccentColor;
				CODE_SIGN_STYLE = Automatic;
				CURRENT_PROJECT_VERSION = 1;
				DEVELOPMENT_ASSET_PATHS = "\"BreakingBadCharacters/Resources/Preview Content\"";
				DEVELOPMENT_TEAM = 7U8T6RV7Y3;
				ENABLE_PREVIEWS = YES;
				GENERATE_INFOPLIST_FILE = YES;
				INFOPLIST_KEY_UIApplicationSceneManifest_Generation = YES;
				INFOPLIST_KEY_UIApplicationSupportsIndirectInputEvents = YES;
				INFOPLIST_KEY_UILaunchScreen_Generation = YES;
				INFOPLIST_KEY_UISupportedInterfaceOrientations_iPad = "UIInterfaceOrientationPortrait UIInterfaceOrientationPortraitUpsideDown UIInterfaceOrientationLandscapeLeft UIInterfaceOrientationLandscapeRight";
				INFOPLIST_KEY_UISupportedInterfaceOrientations_iPhone = "UIInterfaceOrientationPortrait UIInterfaceOrientationLandscapeLeft UIInterfaceOrientationLandscapeRight";
				IPHONEOS_DEPLOYMENT_TARGET = 15.0;
				LD_RUNPATH_SEARCH_PATHS = (
					"$(inherited)",
					"@executable_path/Frameworks",
				);
				MARKETING_VERSION = 1.0;
				PRODUCT_BUNDLE_IDENTIFIER = tech.cognitiven.BreakingBadCharacters;
				PRODUCT_NAME = "$(TARGET_NAME)";
				SWIFT_EMIT_LOC_STRINGS = YES;
				SWIFT_VERSION = 5.0;
				TARGETED_DEVICE_FAMILY = "1,2";
			};
			name = Release;
		};
		F4535A9B271F1C2F0032339C /* Debug */ = {
			isa = XCBuildConfiguration;
			buildSettings = {
				ALWAYS_EMBED_SWIFT_STANDARD_LIBRARIES = YES;
				BUNDLE_LOADER = "$(TEST_HOST)";
				"CODE_SIGN_IDENTITY[sdk=macosx*]" = "Apple Development";
				CODE_SIGN_STYLE = Automatic;
				CURRENT_PROJECT_VERSION = 1;
				DEVELOPMENT_TEAM = 7U8T6RV7Y3;
				GENERATE_INFOPLIST_FILE = YES;
				IPHONEOS_DEPLOYMENT_TARGET = 15.0;
				LD_RUNPATH_SEARCH_PATHS = (
					"$(inherited)",
					"@executable_path/Frameworks",
					"@loader_path/Frameworks",
				);
				MARKETING_VERSION = 1.0;
				PRODUCT_BUNDLE_IDENTIFIER = tech.cognitiven.portfolio.BreakingBadCharactersTests;
				PRODUCT_NAME = "$(TARGET_NAME)";
				SWIFT_EMIT_LOC_STRINGS = NO;
				SWIFT_VERSION = 5.0;
				TARGETED_DEVICE_FAMILY = "1,2";
				TEST_HOST = "$(BUILT_PRODUCTS_DIR)/BreakingBadCharacters.app/BreakingBadCharacters";
			};
			name = Debug;
		};
		F4535A9C271F1C2F0032339C /* Release */ = {
			isa = XCBuildConfiguration;
			buildSettings = {
				ALWAYS_EMBED_SWIFT_STANDARD_LIBRARIES = YES;
				BUNDLE_LOADER = "$(TEST_HOST)";
				"CODE_SIGN_IDENTITY[sdk=macosx*]" = "Apple Development";
				CODE_SIGN_STYLE = Automatic;
				CURRENT_PROJECT_VERSION = 1;
				DEVELOPMENT_TEAM = 7U8T6RV7Y3;
				GENERATE_INFOPLIST_FILE = YES;
				IPHONEOS_DEPLOYMENT_TARGET = 15.0;
				LD_RUNPATH_SEARCH_PATHS = (
					"$(inherited)",
					"@executable_path/Frameworks",
					"@loader_path/Frameworks",
				);
				MARKETING_VERSION = 1.0;
				PRODUCT_BUNDLE_IDENTIFIER = tech.cognitiven.portfolio.BreakingBadCharactersTests;
				PRODUCT_NAME = "$(TARGET_NAME)";
				SWIFT_EMIT_LOC_STRINGS = NO;
				SWIFT_VERSION = 5.0;
				TARGETED_DEVICE_FAMILY = "1,2";
				TEST_HOST = "$(BUILT_PRODUCTS_DIR)/BreakingBadCharacters.app/BreakingBadCharacters";
			};
			name = Release;
		};
/* End XCBuildConfiguration section */

/* Begin XCConfigurationList section */
		F4535A6E271F1C2D0032339C /* Build configuration list for PBXProject "BreakingBadCharacters" */ = {
			isa = XCConfigurationList;
			buildConfigurations = (
				F4535A95271F1C2F0032339C /* Debug */,
				F4535A96271F1C2F0032339C /* Release */,
			);
			defaultConfigurationIsVisible = 0;
			defaultConfigurationName = Release;
		};
		F4535A97271F1C2F0032339C /* Build configuration list for PBXNativeTarget "BreakingBadCharacters" */ = {
			isa = XCConfigurationList;
			buildConfigurations = (
				F4535A98271F1C2F0032339C /* Debug */,
				F4535A99271F1C2F0032339C /* Release */,
			);
			defaultConfigurationIsVisible = 0;
			defaultConfigurationName = Release;
		};
		F4535A9A271F1C2F0032339C /* Build configuration list for PBXNativeTarget "BreakingBadCharactersTests" */ = {
			isa = XCConfigurationList;
			buildConfigurations = (
				F4535A9B271F1C2F0032339C /* Debug */,
				F4535A9C271F1C2F0032339C /* Release */,
			);
			defaultConfigurationIsVisible = 0;
			defaultConfigurationName = Release;
		};
/* End XCConfigurationList section */
	};
	rootObject = F4535A6B271F1C2D0032339C /* Project object */;
}
